// !$*UTF8*$!
{
	archiveVersion = 1;
	classes = {
	};
	objectVersion = 48;
	objects = {

/* Begin PBXBuildFile section */
		BD4B95B12075C82C004D4A85 /* AppDelegate.swift in Sources */ = {isa = PBXBuildFile; fileRef = BD4B95B02075C82C004D4A85 /* AppDelegate.swift */; };
		BD4B95BC2075C82C004D4A85 /* Assets.xcassets in Resources */ = {isa = PBXBuildFile; fileRef = BD4B95BB2075C82C004D4A85 /* Assets.xcassets */; };
		BD4B95C72075E348004D4A85 /* Main.storyboard in Resources */ = {isa = PBXBuildFile; fileRef = BD4B95C62075E348004D4A85 /* Main.storyboard */; };
		BD4B95C92075E4EB004D4A85 /* GlobalVariables.swift in Sources */ = {isa = PBXBuildFile; fileRef = BD4B95C82075E4EB004D4A85 /* GlobalVariables.swift */; };
		BD65DDEE207C1D2200326C01 /* UploadViewController.swift in Sources */ = {isa = PBXBuildFile; fileRef = BD65DDED207C1D2200326C01 /* UploadViewController.swift */; };
		BD65DDF0207C1D4500326C01 /* LogViewController.swift in Sources */ = {isa = PBXBuildFile; fileRef = BD65DDEF207C1D4500326C01 /* LogViewController.swift */; };
		BD65DDF2207C1D5100326C01 /* ReceiptsViewController.swift in Sources */ = {isa = PBXBuildFile; fileRef = BD65DDF1207C1D5100326C01 /* ReceiptsViewController.swift */; };
		BD65DDF5207C1D6600326C01 /* AnalysisViewController.swift in Sources */ = {isa = PBXBuildFile; fileRef = BD65DDF4207C1D6600326C01 /* AnalysisViewController.swift */; };
/* End PBXBuildFile section */

/* Begin PBXFileReference section */
		BD4B95AD2075C82C004D4A85 /* ReceiptBot.app */ = {isa = PBXFileReference; explicitFileType = wrapper.application; includeInIndex = 0; path = ReceiptBot.app; sourceTree = BUILT_PRODUCTS_DIR; };
		BD4B95B02075C82C004D4A85 /* AppDelegate.swift */ = {isa = PBXFileReference; lastKnownFileType = sourcecode.swift; path = AppDelegate.swift; sourceTree = "<group>"; };
		BD4B95BB2075C82C004D4A85 /* Assets.xcassets */ = {isa = PBXFileReference; lastKnownFileType = folder.assetcatalog; path = Assets.xcassets; sourceTree = "<group>"; };
		BD4B95C02075C82C004D4A85 /* Info.plist */ = {isa = PBXFileReference; lastKnownFileType = text.plist.xml; path = Info.plist; sourceTree = "<group>"; };
		BD4B95C62075E348004D4A85 /* Main.storyboard */ = {isa = PBXFileReference; fileEncoding = 4; lastKnownFileType = file.storyboard; path = Main.storyboard; sourceTree = "<group>"; };
		BD4B95C82075E4EB004D4A85 /* GlobalVariables.swift */ = {isa = PBXFileReference; lastKnownFileType = sourcecode.swift; path = GlobalVariables.swift; sourceTree = "<group>"; };
		BD65DDED207C1D2200326C01 /* UploadViewController.swift */ = {isa = PBXFileReference; lastKnownFileType = sourcecode.swift; path = UploadViewController.swift; sourceTree = "<group>"; };
		BD65DDEF207C1D4500326C01 /* LogViewController.swift */ = {isa = PBXFileReference; lastKnownFileType = sourcecode.swift; path = LogViewController.swift; sourceTree = "<group>"; };
		BD65DDF1207C1D5100326C01 /* ReceiptsViewController.swift */ = {isa = PBXFileReference; lastKnownFileType = sourcecode.swift; path = ReceiptsViewController.swift; sourceTree = "<group>"; };
		BD65DDF4207C1D6600326C01 /* AnalysisViewController.swift */ = {isa = PBXFileReference; lastKnownFileType = sourcecode.swift; path = AnalysisViewController.swift; sourceTree = "<group>"; };
/* End PBXFileReference section */

/* Begin PBXFrameworksBuildPhase section */
		BD4B95AA2075C82C004D4A85 /* Frameworks */ = {
			isa = PBXFrameworksBuildPhase;
			buildActionMask = 2147483647;
			files = (
			);
			runOnlyForDeploymentPostprocessing = 0;
		};
/* End PBXFrameworksBuildPhase section */

/* Begin PBXGroup section */
		BD4B95A42075C82C004D4A85 = {
			isa = PBXGroup;
			children = (
				BD4B95AF2075C82C004D4A85 /* ReceiptBot */,
				BD4B95AE2075C82C004D4A85 /* Products */,
			);
			sourceTree = "<group>";
		};
		BD4B95AE2075C82C004D4A85 /* Products */ = {
			isa = PBXGroup;
			children = (
				BD4B95AD2075C82C004D4A85 /* ReceiptBot.app */,
			);
			name = Products;
			sourceTree = "<group>";
		};
		BD4B95AF2075C82C004D4A85 /* ReceiptBot */ = {
			isa = PBXGroup;
			children = (
				BD4B95CB2075E520004D4A85 /* ViewControllers */,
				BD4B95CA2075E50D004D4A85 /* Model */,
				BD4B95C62075E348004D4A85 /* Main.storyboard */,
				BD4B95B02075C82C004D4A85 /* AppDelegate.swift */,
				BD4B95BB2075C82C004D4A85 /* Assets.xcassets */,
				BD4B95C02075C82C004D4A85 /* Info.plist */,
			);
			path = ReceiptBot;
			sourceTree = "<group>";
		};
		BD4B95CA2075E50D004D4A85 /* Model */ = {
			isa = PBXGroup;
			children = (
				BD4B95C82075E4EB004D4A85 /* GlobalVariables.swift */,
			);
			path = Model;
			sourceTree = "<group>";
		};
		BD4B95CB2075E520004D4A85 /* ViewControllers */ = {
			isa = PBXGroup;
			children = (
				BD65DDED207C1D2200326C01 /* UploadViewController.swift */,
				BD65DDEF207C1D4500326C01 /* LogViewController.swift */,
				BD65DDF1207C1D5100326C01 /* ReceiptsViewController.swift */,
				BD65DDF4207C1D6600326C01 /* AnalysisViewController.swift */,
			);
			path = ViewControllers;
			sourceTree = "<group>";
		};
/* End PBXGroup section */

/* Begin PBXNativeTarget section */
		BD4B95AC2075C82C004D4A85 /* ReceiptBot */ = {
			isa = PBXNativeTarget;
			buildConfigurationList = BD4B95C32075C82C004D4A85 /* Build configuration list for PBXNativeTarget "ReceiptBot" */;
			buildPhases = (
				BD4B95A92075C82C004D4A85 /* Sources */,
				BD4B95AA2075C82C004D4A85 /* Frameworks */,
				BD4B95AB2075C82C004D4A85 /* Resources */,
			);
			buildRules = (
			);
			dependencies = (
			);
			name = ReceiptBot;
			productName = ReceiptBot;
			productReference = BD4B95AD2075C82C004D4A85 /* ReceiptBot.app */;
			productType = "com.apple.product-type.application";
		};
/* End PBXNativeTarget section */

/* Begin PBXProject section */
		BD4B95A52075C82C004D4A85 /* Project object */ = {
			isa = PBXProject;
			attributes = {
				LastSwiftUpdateCheck = 0920;
				LastUpgradeCheck = 0920;
				ORGANIZATIONNAME = "iOS Decal - Jenny | CiCi | Victor";
				TargetAttributes = {
					BD4B95AC2075C82C004D4A85 = {
						CreatedOnToolsVersion = 9.2;
						ProvisioningStyle = Automatic;
					};
				};
			};
			buildConfigurationList = BD4B95A82075C82C004D4A85 /* Build configuration list for PBXProject "ReceiptBot" */;
			compatibilityVersion = "Xcode 8.0";
			developmentRegion = en;
			hasScannedForEncodings = 0;
			knownRegions = (
				en,
				Base,
			);
			mainGroup = BD4B95A42075C82C004D4A85;
			productRefGroup = BD4B95AE2075C82C004D4A85 /* Products */;
			projectDirPath = "";
			projectRoot = "";
			targets = (
				BD4B95AC2075C82C004D4A85 /* ReceiptBot */,
			);
		};
/* End PBXProject section */

/* Begin PBXResourcesBuildPhase section */
		BD4B95AB2075C82C004D4A85 /* Resources */ = {
			isa = PBXResourcesBuildPhase;
			buildActionMask = 2147483647;
			files = (
				BD4B95BC2075C82C004D4A85 /* Assets.xcassets in Resources */,
				BD4B95C72075E348004D4A85 /* Main.storyboard in Resources */,
			);
			runOnlyForDeploymentPostprocessing = 0;
		};
/* End PBXResourcesBuildPhase section */

/* Begin PBXSourcesBuildPhase section */
		BD4B95A92075C82C004D4A85 /* Sources */ = {
			isa = PBXSourcesBuildPhase;
			buildActionMask = 2147483647;
			files = (
				BD65DDF2207C1D5100326C01 /* ReceiptsViewController.swift in Sources */,
				BD4B95C92075E4EB004D4A85 /* GlobalVariables.swift in Sources */,
				BD65DDF5207C1D6600326C01 /* AnalysisViewController.swift in Sources */,
				BD65DDEE207C1D2200326C01 /* UploadViewController.swift in Sources */,
				BD4B95B12075C82C004D4A85 /* AppDelegate.swift in Sources */,
				BD65DDF0207C1D4500326C01 /* LogViewController.swift in Sources */,
			);
			runOnlyForDeploymentPostprocessing = 0;
		};
/* End PBXSourcesBuildPhase section */

/* Begin XCBuildConfiguration section */
		BD4B95C12075C82C004D4A85 /* Debug */ = {
			isa = XCBuildConfiguration;
			buildSettings = {
				ALWAYS_SEARCH_USER_PATHS = NO;
				CLANG_ANALYZER_NONNULL = YES;
				CLANG_ANALYZER_NUMBER_OBJECT_CONVERSION = YES_AGGRESSIVE;
				CLANG_CXX_LANGUAGE_STANDARD = "gnu++14";
				CLANG_CXX_LIBRARY = "libc++";
				CLANG_ENABLE_MODULES = YES;
				CLANG_ENABLE_OBJC_ARC = YES;
				CLANG_WARN_BLOCK_CAPTURE_AUTORELEASING = YES;
				CLANG_WARN_BOOL_CONVERSION = YES;
				CLANG_WARN_COMMA = YES;
				CLANG_WARN_CONSTANT_CONVERSION = YES;
				CLANG_WARN_DIRECT_OBJC_ISA_USAGE = YES_ERROR;
				CLANG_WARN_DOCUMENTATION_COMMENTS = YES;
				CLANG_WARN_EMPTY_BODY = YES;
				CLANG_WARN_ENUM_CONVERSION = YES;
				CLANG_WARN_INFINITE_RECURSION = YES;
				CLANG_WARN_INT_CONVERSION = YES;
				CLANG_WARN_NON_LITERAL_NULL_CONVERSION = YES;
				CLANG_WARN_OBJC_LITERAL_CONVERSION = YES;
				CLANG_WARN_OBJC_ROOT_CLASS = YES_ERROR;
				CLANG_WARN_RANGE_LOOP_ANALYSIS = YES;
				CLANG_WARN_STRICT_PROTOTYPES = YES;
				CLANG_WARN_SUSPICIOUS_MOVE = YES;
				CLANG_WARN_UNGUARDED_AVAILABILITY = YES_AGGRESSIVE;
				CLANG_WARN_UNREACHABLE_CODE = YES;
				CLANG_WARN__DUPLICATE_METHOD_MATCH = YES;
				CODE_SIGN_IDENTITY = "iPhone Developer";
				COPY_PHASE_STRIP = NO;
				DEBUG_INFORMATION_FORMAT = dwarf;
				ENABLE_STRICT_OBJC_MSGSEND = YES;
				ENABLE_TESTABILITY = YES;
				GCC_C_LANGUAGE_STANDARD = gnu11;
				GCC_DYNAMIC_NO_PIC = NO;
				GCC_NO_COMMON_BLOCKS = YES;
				GCC_OPTIMIZATION_LEVEL = 0;
				GCC_PREPROCESSOR_DEFINITIONS = (
					"DEBUG=1",
					"$(inherited)",
				);
				GCC_WARN_64_TO_32_BIT_CONVERSION = YES;
				GCC_WARN_ABOUT_RETURN_TYPE = YES_ERROR;
				GCC_WARN_UNDECLARED_SELECTOR = YES;
				GCC_WARN_UNINITIALIZED_AUTOS = YES_AGGRESSIVE;
				GCC_WARN_UNUSED_FUNCTION = YES;
				GCC_WARN_UNUSED_VARIABLE = YES;
				IPHONEOS_DEPLOYMENT_TARGET = 11.2;
				MTL_ENABLE_DEBUG_INFO = YES;
				ONLY_ACTIVE_ARCH = YES;
				SDKROOT = iphoneos;
				SWIFT_ACTIVE_COMPILATION_CONDITIONS = DEBUG;
				SWIFT_OPTIMIZATION_LEVEL = "-Onone";
			};
			name = Debug;
		};
		BD4B95C22075C82C004D4A85 /* Release */ = {
			isa = XCBuildConfiguration;
			buildSettings = {
				ALWAYS_SEARCH_USER_PATHS = NO;
				CLANG_ANALYZER_NONNULL = YES;
				CLANG_ANALYZER_NUMBER_OBJECT_CONVERSION = YES_AGGRESSIVE;
				CLANG_CXX_LANGUAGE_STANDARD = "gnu++14";
				CLANG_CXX_LIBRARY = "libc++";
				CLANG_ENABLE_MODULES = YES;
				CLANG_ENABLE_OBJC_ARC = YES;
				CLANG_WARN_BLOCK_CAPTURE_AUTORELEASING = YES;
				CLANG_WARN_BOOL_CONVERSION = YES;
				CLANG_WARN_COMMA = YES;
				CLANG_WARN_CONSTANT_CONVERSION = YES;
				CLANG_WARN_DIRECT_OBJC_ISA_USAGE = YES_ERROR;
				CLANG_WARN_DOCUMENTATION_COMMENTS = YES;
				CLANG_WARN_EMPTY_BODY = YES;
				CLANG_WARN_ENUM_CONVERSION = YES;
				CLANG_WARN_INFINITE_RECURSION = YES;
				CLANG_WARN_INT_CONVERSION = YES;
				CLANG_WARN_NON_LITERAL_NULL_CONVERSION = YES;
				CLANG_WARN_OBJC_LITERAL_CONVERSION = YES;
				CLANG_WARN_OBJC_ROOT_CLASS = YES_ERROR;
				CLANG_WARN_RANGE_LOOP_ANALYSIS = YES;
				CLANG_WARN_STRICT_PROTOTYPES = YES;
				CLANG_WARN_SUSPICIOUS_MOVE = YES;
				CLANG_WARN_UNGUARDED_AVAILABILITY = YES_AGGRESSIVE;
				CLANG_WARN_UNREACHABLE_CODE = YES;
				CLANG_WARN__DUPLICATE_METHOD_MATCH = YES;
				CODE_SIGN_IDENTITY = "iPhone Developer";
				COPY_PHASE_STRIP = NO;
				DEBUG_INFORMATION_FORMAT = "dwarf-with-dsym";
				ENABLE_NS_ASSERTIONS = NO;
				ENABLE_STRICT_OBJC_MSGSEND = YES;
				GCC_C_LANGUAGE_STANDARD = gnu11;
				GCC_NO_COMMON_BLOCKS = YES;
				GCC_WARN_64_TO_32_BIT_CONVERSION = YES;
				GCC_WARN_ABOUT_RETURN_TYPE = YES_ERROR;
				GCC_WARN_UNDECLARED_SELECTOR = YES;
				GCC_WARN_UNINITIALIZED_AUTOS = YES_AGGRESSIVE;
				GCC_WARN_UNUSED_FUNCTION = YES;
				GCC_WARN_UNUSED_VARIABLE = YES;
				IPHONEOS_DEPLOYMENT_TARGET = 11.2;
				MTL_ENABLE_DEBUG_INFO = NO;
				SDKROOT = iphoneos;
				SWIFT_OPTIMIZATION_LEVEL = "-Owholemodule";
				VALIDATE_PRODUCT = YES;
			};
			name = Release;
		};
		BD4B95C42075C82C004D4A85 /* Debug */ = {
			isa = XCBuildConfiguration;
			buildSettings = {
				ASSETCATALOG_COMPILER_APPICON_NAME = AppIcon;
				CODE_SIGN_STYLE = Automatic;
				INFOPLIST_FILE = ReceiptBot/Info.plist;
				LD_RUNPATH_SEARCH_PATHS = "$(inherited) @executable_path/Frameworks";
				PRODUCT_BUNDLE_IDENTIFIER = "iOS-Decal-Jenny-CiCi-Victor.ReceiptBot";
				PRODUCT_NAME = "$(TARGET_NAME)";
				SWIFT_VERSION = 4.0;
				TARGETED_DEVICE_FAMILY = "1,2";
			};
			name = Debug;
		};
		BD4B95C52075C82C004D4A85 /* Release */ = {
			isa = XCBuildConfiguration;
			buildSettings = {
				ASSETCATALOG_COMPILER_APPICON_NAME = AppIcon;
				CODE_SIGN_STYLE = Automatic;
				INFOPLIST_FILE = ReceiptBot/Info.plist;
				LD_RUNPATH_SEARCH_PATHS = "$(inherited) @executable_path/Frameworks";
				PRODUCT_BUNDLE_IDENTIFIER = "iOS-Decal-Jenny-CiCi-Victor.ReceiptBot";
				PRODUCT_NAME = "$(TARGET_NAME)";
				SWIFT_VERSION = 4.0;
				TARGETED_DEVICE_FAMILY = "1,2";
			};
			name = Release;
		};
/* End XCBuildConfiguration section */

/* Begin XCConfigurationList section */
		BD4B95A82075C82C004D4A85 /* Build configuration list for PBXProject "ReceiptBot" */ = {
			isa = XCConfigurationList;
			buildConfigurations = (
				BD4B95C12075C82C004D4A85 /* Debug */,
				BD4B95C22075C82C004D4A85 /* Release */,
			);
			defaultConfigurationIsVisible = 0;
			defaultConfigurationName = Release;
		};
		BD4B95C32075C82C004D4A85 /* Build configuration list for PBXNativeTarget "ReceiptBot" */ = {
			isa = XCConfigurationList;
			buildConfigurations = (
				BD4B95C42075C82C004D4A85 /* Debug */,
				BD4B95C52075C82C004D4A85 /* Release */,
			);
			defaultConfigurationIsVisible = 0;
			defaultConfigurationName = Release;
		};
/* End XCConfigurationList section */
	};
	rootObject = BD4B95A52075C82C004D4A85 /* Project object */;
}
